PODS:
  - Capacitor (7.4.4):
    - CapacitorCordova
  - CapacitorBrowser (7.0.0):
    - Capacitor
  - CapacitorCamera (7.0.2):
    - Capacitor
  - CapacitorCordova (7.4.4)
  - CapacitorSplashScreen (7.0.3):
    - Capacitor
  - MorphvpnCapacitorMorphprotocol (1.0.0):
    - Capacitor
  - MorphvpnCapacitorPing (1.0.0):
    - Capacitor
  - MorphvpnCapacitorWireguard (1.0.0):
    - Capacitor

DEPENDENCIES:
  - "Capacitor (from `../../node_modules/@capacitor/ios`)"
  - "CapacitorBrowser (from `../../node_modules/@capacitor/browser`)"
  - "CapacitorCamera (from `../../node_modules/@capacitor/camera`)"
  - "CapacitorCordova (from `../../node_modules/@capacitor/ios`)"
  - "CapacitorSplashScreen (from `../../node_modules/@capacitor/splash-screen`)"
  - MorphvpnCapacitorMorphprotocol (from `../../packages/morphprotocol-plugin`)
  - MorphvpnCapacitorPing (from `../../packages/ping-plugin`)
  - MorphvpnCapacitorWireguard (from `../../packages/wireguard-plugin`)

EXTERNAL SOURCES:
  Capacitor:
    :path: "../../node_modules/@capacitor/ios"
  CapacitorBrowser:
    :path: "../../node_modules/@capacitor/browser"
  CapacitorCamera:
    :path: "../../node_modules/@capacitor/camera"
  CapacitorCordova:
    :path: "../../node_modules/@capacitor/ios"
  CapacitorSplashScreen:
    :path: "../../node_modules/@capacitor/splash-screen"
  MorphvpnCapacitorMorphprotocol:
    :path: "../../packages/morphprotocol-plugin"
  MorphvpnCapacitorPing:
    :path: "../../packages/ping-plugin"
  MorphvpnCapacitorWireguard:
    :path: "../../packages/wireguard-plugin"

SPEC CHECKSUMS:
  Capacitor: 358dd1c3fdd71d969547b17e159fd8a7736cb45f
  CapacitorBrowser: 55c21db47416dcc8fc3b623e18fd7d09acb26081
  CapacitorCamera: f9e54db0a18bb218a8dc360907d63aaefe9209ff
  CapacitorCordova: bf648a636f3c153f652d312ae145fb508b6ffced
  CapacitorSplashScreen: e388b8e0ed0e982a9d3a40417f478e7a018a8763
  MorphvpnCapacitorMorphprotocol: 7d69b1af1f2bfcf7bcc12d372d5b3d84053eb427
  MorphvpnCapacitorPing: 216f9a6602f0f43aa35939b288efadabc7d86d3e
  MorphvpnCapacitorWireguard: 5479c74a178f7f9ed43baccb79c3cd760acb312c

PODFILE CHECKSUM: 0c4d198a4227ae8f7f93722d5c7067a2822b1cd1

COCOAPODS: 1.16.2
